
Microsoft Visual Studio Solution File, Format Version 12.00
# Visual Studio Version 17
VisualStudioVersion = 17.8.34525.116
MinimumVisualStudioVersion = 10.0.40219.1
Project("{9A19103F-16F7-4668-BE54-9A1E7A4F7556}") = "253504_Noskovich.UI", "253504_Noskovich.UI\253504_Noskovich.UI.csproj", "{B23B7E6E-0C06-4C85-91D1-1CAD539F7243}"
EndProject
Project("{9A19103F-16F7-4668-BE54-9A1E7A4F7556}") = "253504_Noskovich.Domain", "253504_Noskovich.Domain\253504_Noskovich.Domain.csproj", "{570C0AAE-45A1-4623-A873-DC91E9565EC4}"
EndProject
Project("{9A19103F-16F7-4668-BE54-9A1E7A4F7556}") = "253504_Noskovich.Persistense", "253504_Noskovich.Persistense\253504_Noskovich.Persistense.csproj", "{6A1B328D-76BC-4946-AA4E-08BDC8525F1E}"
EndProject
Project("{9A19103F-16F7-4668-BE54-9A1E7A4F7556}") = "253504_Noskovich.Application", "253504_Noskovich.Application\253504_Noskovich.Application.csproj", "{D8C50C9B-1EEC-488B-AEFE-DFC7FC221BAE}"
EndProject
Global
	GlobalSection(SolutionConfigurationPlatforms) = preSolution
		Debug|Any CPU = Debug|Any CPU
		Release|Any CPU = Release|Any CPU
	EndGlobalSection
	GlobalSection(ProjectConfigurationPlatforms) = postSolution
		{B23B7E6E-0C06-4C85-91D1-1CAD539F7243}.Debug|Any CPU.ActiveCfg = Debug|Any CPU
		{B23B7E6E-0C06-4C85-91D1-1CAD539F7243}.Debug|Any CPU.Build.0 = Debug|Any CPU
		{B23B7E6E-0C06-4C85-91D1-1CAD539F7243}.Debug|Any CPU.Deploy.0 = Debug|Any CPU
		{B23B7E6E-0C06-4C85-91D1-1CAD539F7243}.Release|Any CPU.ActiveCfg = Release|Any CPU
		{B23B7E6E-0C06-4C85-91D1-1CAD539F7243}.Release|Any CPU.Build.0 = Release|Any CPU
		{B23B7E6E-0C06-4C85-91D1-1CAD539F7243}.Release|Any CPU.Deploy.0 = Release|Any CPU
		{570C0AAE-45A1-4623-A873-DC91E9565EC4}.Debug|Any CPU.ActiveCfg = Debug|Any CPU
		{570C0AAE-45A1-4623-A873-DC91E9565EC4}.Debug|Any CPU.Build.0 = Debug|Any CPU
		{570C0AAE-45A1-4623-A873-DC91E9565EC4}.Release|Any CPU.ActiveCfg = Release|Any CPU
		{570C0AAE-45A1-4623-A873-DC91E9565EC4}.Release|Any CPU.Build.0 = Release|Any CPU
		{6A1B328D-76BC-4946-AA4E-08BDC8525F1E}.Debug|Any CPU.ActiveCfg = Debug|Any CPU
		{6A1B328D-76BC-4946-AA4E-08BDC8525F1E}.Debug|Any CPU.Build.0 = Debug|Any CPU
		{6A1B328D-76BC-4946-AA4E-08BDC8525F1E}.Release|Any CPU.ActiveCfg = Release|Any CPU
		{6A1B328D-76BC-4946-AA4E-08BDC8525F1E}.Release|Any CPU.Build.0 = Release|Any CPU
		{D8C50C9B-1EEC-488B-AEFE-DFC7FC221BAE}.Debug|Any CPU.ActiveCfg = Debug|Any CPU
		{D8C50C9B-1EEC-488B-AEFE-DFC7FC221BAE}.Debug|Any CPU.Build.0 = Debug|Any CPU
		{D8C50C9B-1EEC-488B-AEFE-DFC7FC221BAE}.Release|Any CPU.ActiveCfg = Release|Any CPU
		{D8C50C9B-1EEC-488B-AEFE-DFC7FC221BAE}.Release|Any CPU.Build.0 = Release|Any CPU
	EndGlobalSection
	GlobalSection(SolutionProperties) = preSolution
		HideSolutionNode = FALSE
	EndGlobalSection
	GlobalSection(ExtensibilityGlobals) = postSolution
		SolutionGuid = {C9DF3BA0-2DA8-4EE9-8F31-F23BECE61F95}
	EndGlobalSection
EndGlobal
